
Microsoft Visual Studio Solution File, Format Version 12.00
# Visual Studio Version 16
VisualStudioVersion = 16.0.29411.138
MinimumVisualStudioVersion = 10.0.40219.1
Project("{9A19103F-16F7-4668-BE54-9A1E7A4F7556}") = "Orleans.Storage.Elasticsearch", "src\Orleans.Storage.Elasticsearch\Orleans.Storage.Elasticsearch.csproj", "{302CCF79-192D-4E79-9F88-AE304AA0B527}"
EndProject
Project("{2150E333-8FDC-42A3-9474-1A3956D46DE8}") = "src", "src", "{0226358A-73D2-4871-BB1A-13F1B845911C}"
EndProject
Project("{2150E333-8FDC-42A3-9474-1A3956D46DE8}") = "test", "test", "{2686440F-C84B-4902-A1E9-E5F6F564F174}"
EndProject
Project("{9A19103F-16F7-4668-BE54-9A1E7A4F7556}") = "Orleans.Storage.Elasticsearch.Test", "test\Orleans.Storage.Elasticsearch.Test\Orleans.Storage.Elasticsearch.Test.csproj", "{98EBD262-1B67-40AC-A9F3-BA3C7D02A605}"
EndProject
Project("{2150E333-8FDC-42A3-9474-1A3956D46DE8}") = "Solution Items", "Solution Items", "{B743A2D3-3815-466A-B881-17E780E7EEE2}"
	ProjectSection(SolutionItems) = preProject
		.gitattributes = .gitattributes
		.gitignore = .gitignore
		README.md = README.md
	EndProjectSection
EndProject
Global
	GlobalSection(SolutionConfigurationPlatforms) = preSolution
		Debug|Any CPU = Debug|Any CPU
		Release|Any CPU = Release|Any CPU
	EndGlobalSection
	GlobalSection(ProjectConfigurationPlatforms) = postSolution
		{302CCF79-192D-4E79-9F88-AE304AA0B527}.Debug|Any CPU.ActiveCfg = Debug|Any CPU
		{302CCF79-192D-4E79-9F88-AE304AA0B527}.Debug|Any CPU.Build.0 = Debug|Any CPU
		{302CCF79-192D-4E79-9F88-AE304AA0B527}.Release|Any CPU.ActiveCfg = Release|Any CPU
		{302CCF79-192D-4E79-9F88-AE304AA0B527}.Release|Any CPU.Build.0 = Release|Any CPU
		{98EBD262-1B67-40AC-A9F3-BA3C7D02A605}.Debug|Any CPU.ActiveCfg = Debug|Any CPU
		{98EBD262-1B67-40AC-A9F3-BA3C7D02A605}.Debug|Any CPU.Build.0 = Debug|Any CPU
		{98EBD262-1B67-40AC-A9F3-BA3C7D02A605}.Release|Any CPU.ActiveCfg = Release|Any CPU
		{98EBD262-1B67-40AC-A9F3-BA3C7D02A605}.Release|Any CPU.Build.0 = Release|Any CPU
	EndGlobalSection
	GlobalSection(SolutionProperties) = preSolution
		HideSolutionNode = FALSE
	EndGlobalSection
	GlobalSection(NestedProjects) = preSolution
		{302CCF79-192D-4E79-9F88-AE304AA0B527} = {0226358A-73D2-4871-BB1A-13F1B845911C}
		{98EBD262-1B67-40AC-A9F3-BA3C7D02A605} = {2686440F-C84B-4902-A1E9-E5F6F564F174}
	EndGlobalSection
	GlobalSection(ExtensibilityGlobals) = postSolution
		SolutionGuid = {8DE0BEA1-E738-4BBC-876A-66F55EE2701E}
	EndGlobalSection
EndGlobal
